
Microsoft Visual Studio Solution File, Format Version 12.00
# Visual Studio Version 17
VisualStudioVersion = 17.11.35327.3
MinimumVisualStudioVersion = 10.0.40219.1
Project("{9A19103F-16F7-4668-BE54-9A1E7A4F7556}") = "BranchOut", "BranchOut\BranchOut.csproj", "{A3871F5A-221F-499D-BFA1-8404A9A8D52E}"
EndProject
Global
	GlobalSection(SolutionConfigurationPlatforms) = preSolution
		Debug|Any CPU = Debug|Any CPU
		Release|Any CPU = Release|Any CPU
	EndGlobalSection
	GlobalSection(ProjectConfigurationPlatforms) = postSolution
		{A3871F5A-221F-499D-BFA1-8404A9A8D52E}.Debug|Any CPU.ActiveCfg = Debug|Any CPU
		{A3871F5A-221F-499D-BFA1-8404A9A8D52E}.Debug|Any CPU.Build.0 = Debug|Any CPU
		{A3871F5A-221F-499D-BFA1-8404A9A8D52E}.Release|Any CPU.ActiveCfg = Release|Any CPU
		{A3871F5A-221F-499D-BFA1-8404A9A8D52E}.Release|Any CPU.Build.0 = Release|Any CPU
	EndGlobalSection
	GlobalSection(SolutionProperties) = preSolution
		HideSolutionNode = FALSE
	EndGlobalSection
	GlobalSection(ExtensibilityGlobals) = postSolution
		SolutionGuid = {1B269F8A-8934-4CAD-8E5E-5FEBEE06C7A9}
	EndGlobalSection
EndGlobal
